// !$*UTF8*$!
{
	archiveVersion = 1;
	classes = {
	};
	objectVersion = 50;
	objects = {

/* Begin PBXBuildFile section */
		29788D552190AEF800FDC98B /* AppDelegate.swift in Sources */ = {isa = PBXBuildFile; fileRef = 29788D542190AEF800FDC98B /* AppDelegate.swift */; };
		29788D572190AEF800FDC98B /* ViewController.swift in Sources */ = {isa = PBXBuildFile; fileRef = 29788D562190AEF800FDC98B /* ViewController.swift */; };
		29788D5A2190AEF800FDC98B /* Main.storyboard in Resources */ = {isa = PBXBuildFile; fileRef = 29788D582190AEF800FDC98B /* Main.storyboard */; };
		29788D5C2190AEFA00FDC98B /* Assets.xcassets in Resources */ = {isa = PBXBuildFile; fileRef = 29788D5B2190AEFA00FDC98B /* Assets.xcassets */; };
		29788D5F2190AEFA00FDC98B /* LaunchScreen.storyboard in Resources */ = {isa = PBXBuildFile; fileRef = 29788D5D2190AEFA00FDC98B /* LaunchScreen.storyboard */; };
		29788D672190C80900FDC98B /* HeroViewController.swift in Sources */ = {isa = PBXBuildFile; fileRef = 29788D662190C80900FDC98B /* HeroViewController.swift */; };
		29788D692190C86700FDC98B /* HeroTableViewCell.swift in Sources */ = {isa = PBXBuildFile; fileRef = 29788D682190C86700FDC98B /* HeroTableViewCell.swift */; };
		29788D6B2190C88E00FDC98B /* HeroesTableViewController.swift in Sources */ = {isa = PBXBuildFile; fileRef = 29788D6A2190C88E00FDC98B /* HeroesTableViewController.swift */; };
		29788D6D2190C9BC00FDC98B /* ViewController2.swift in Sources */ = {isa = PBXBuildFile; fileRef = 29788D6C2190C9BC00FDC98B /* ViewController2.swift */; };
		29788D6F2190C9F200FDC98B /* QuizViewController.swift in Sources */ = {isa = PBXBuildFile; fileRef = 29788D6E2190C9F200FDC98B /* QuizViewController.swift */; };
		29788D712190CA2A00FDC98B /* ResultViewController.swift in Sources */ = {isa = PBXBuildFile; fileRef = 29788D702190CA2A00FDC98B /* ResultViewController.swift */; };
		29788D752190D56400FDC98B /* MarvelClasses.swift in Sources */ = {isa = PBXBuildFile; fileRef = 29788D742190D56400FDC98B /* MarvelClasses.swift */; };
		29788D772190D57900FDC98B /* MarvelAPI.swift in Sources */ = {isa = PBXBuildFile; fileRef = 29788D762190D57900FDC98B /* MarvelAPI.swift */; };
		298E7A10219B3C2000CD1AC2 /* Quiz.swift in Sources */ = {isa = PBXBuildFile; fileRef = 298E7A0F219B3C2000CD1AC2 /* Quiz.swift */; };
		298E7A12219B3C5100CD1AC2 /* QuizManager.swift in Sources */ = {isa = PBXBuildFile; fileRef = 298E7A11219B3C5100CD1AC2 /* QuizManager.swift */; };
		C6190C6004E09AD01CEC6340 /* Pods_MarvelQuiz.framework in Frameworks */ = {isa = PBXBuildFile; fileRef = 88866D985F7C6363951A47F5 /* Pods_MarvelQuiz.framework */; };
/* End PBXBuildFile section */

/* Begin PBXFileReference section */
		20247A5DA71D780493F9F277 /* Pods-MarvelQuiz.release.xcconfig */ = {isa = PBXFileReference; includeInIndex = 1; lastKnownFileType = text.xcconfig; name = "Pods-MarvelQuiz.release.xcconfig"; path = "Pods/Target Support Files/Pods-MarvelQuiz/Pods-MarvelQuiz.release.xcconfig"; sourceTree = "<group>"; };
		23E12F7420B9E0F965166749 /* Pods-MarvelQuiz.debug.xcconfig */ = {isa = PBXFileReference; includeInIndex = 1; lastKnownFileType = text.xcconfig; name = "Pods-MarvelQuiz.debug.xcconfig"; path = "Pods/Target Support Files/Pods-MarvelQuiz/Pods-MarvelQuiz.debug.xcconfig"; sourceTree = "<group>"; };
		29788D512190AEF700FDC98B /* MarvelQuiz.app */ = {isa = PBXFileReference; explicitFileType = wrapper.application; includeInIndex = 0; path = MarvelQuiz.app; sourceTree = BUILT_PRODUCTS_DIR; };
		29788D542190AEF800FDC98B /* AppDelegate.swift */ = {isa = PBXFileReference; lastKnownFileType = sourcecode.swift; path = AppDelegate.swift; sourceTree = "<group>"; };
		29788D562190AEF800FDC98B /* ViewController.swift */ = {isa = PBXFileReference; lastKnownFileType = sourcecode.swift; path = ViewController.swift; sourceTree = "<group>"; };
		29788D592190AEF800FDC98B /* Base */ = {isa = PBXFileReference; lastKnownFileType = file.storyboard; name = Base; path = Base.lproj/Main.storyboard; sourceTree = "<group>"; };
		29788D5B2190AEFA00FDC98B /* Assets.xcassets */ = {isa = PBXFileReference; lastKnownFileType = folder.assetcatalog; path = Assets.xcassets; sourceTree = "<group>"; };
		29788D5E2190AEFA00FDC98B /* Base */ = {isa = PBXFileReference; lastKnownFileType = file.storyboard; name = Base; path = Base.lproj/LaunchScreen.storyboard; sourceTree = "<group>"; };
		29788D602190AEFA00FDC98B /* Info.plist */ = {isa = PBXFileReference; lastKnownFileType = text.plist.xml; path = Info.plist; sourceTree = "<group>"; };
		29788D662190C80900FDC98B /* HeroViewController.swift */ = {isa = PBXFileReference; lastKnownFileType = sourcecode.swift; path = HeroViewController.swift; sourceTree = "<group>"; };
		29788D682190C86700FDC98B /* HeroTableViewCell.swift */ = {isa = PBXFileReference; lastKnownFileType = sourcecode.swift; path = HeroTableViewCell.swift; sourceTree = "<group>"; };
		29788D6A2190C88E00FDC98B /* HeroesTableViewController.swift */ = {isa = PBXFileReference; lastKnownFileType = sourcecode.swift; path = HeroesTableViewController.swift; sourceTree = "<group>"; };
		29788D6C2190C9BC00FDC98B /* ViewController2.swift */ = {isa = PBXFileReference; lastKnownFileType = sourcecode.swift; path = ViewController2.swift; sourceTree = "<group>"; };
		29788D6E2190C9F200FDC98B /* QuizViewController.swift */ = {isa = PBXFileReference; lastKnownFileType = sourcecode.swift; path = QuizViewController.swift; sourceTree = "<group>"; };
		29788D702190CA2A00FDC98B /* ResultViewController.swift */ = {isa = PBXFileReference; lastKnownFileType = sourcecode.swift; path = ResultViewController.swift; sourceTree = "<group>"; };
		29788D742190D56400FDC98B /* MarvelClasses.swift */ = {isa = PBXFileReference; lastKnownFileType = sourcecode.swift; path = MarvelClasses.swift; sourceTree = "<group>"; };
		29788D762190D57900FDC98B /* MarvelAPI.swift */ = {isa = PBXFileReference; lastKnownFileType = sourcecode.swift; path = MarvelAPI.swift; sourceTree = "<group>"; };
		298E7A0F219B3C2000CD1AC2 /* Quiz.swift */ = {isa = PBXFileReference; lastKnownFileType = sourcecode.swift; path = Quiz.swift; sourceTree = "<group>"; };
		298E7A11219B3C5100CD1AC2 /* QuizManager.swift */ = {isa = PBXFileReference; lastKnownFileType = sourcecode.swift; path = QuizManager.swift; sourceTree = "<group>"; };
		88866D985F7C6363951A47F5 /* Pods_MarvelQuiz.framework */ = {isa = PBXFileReference; explicitFileType = wrapper.framework; includeInIndex = 0; path = Pods_MarvelQuiz.framework; sourceTree = BUILT_PRODUCTS_DIR; };
/* End PBXFileReference section */

/* Begin PBXFrameworksBuildPhase section */
		29788D4E2190AEF700FDC98B /* Frameworks */ = {
			isa = PBXFrameworksBuildPhase;
			buildActionMask = 2147483647;
			files = (
				C6190C6004E09AD01CEC6340 /* Pods_MarvelQuiz.framework in Frameworks */,
			);
			runOnlyForDeploymentPostprocessing = 0;
		};
/* End PBXFrameworksBuildPhase section */

/* Begin PBXGroup section */
		233B28FAB793D1C2936BD946 /* Pods */ = {
			isa = PBXGroup;
			children = (
				23E12F7420B9E0F965166749 /* Pods-MarvelQuiz.debug.xcconfig */,
				20247A5DA71D780493F9F277 /* Pods-MarvelQuiz.release.xcconfig */,
			);
			name = Pods;
			sourceTree = "<group>";
		};
		29788D482190AEF700FDC98B = {
			isa = PBXGroup;
			children = (
				29788D532190AEF700FDC98B /* MarvelQuiz */,
				29788D522190AEF700FDC98B /* Products */,
				233B28FAB793D1C2936BD946 /* Pods */,
				C05236C4CF77191554CD8AC1 /* Frameworks */,
			);
			sourceTree = "<group>";
		};
		29788D522190AEF700FDC98B /* Products */ = {
			isa = PBXGroup;
			children = (
				29788D512190AEF700FDC98B /* MarvelQuiz.app */,
			);
			name = Products;
			sourceTree = "<group>";
		};
		29788D532190AEF700FDC98B /* MarvelQuiz */ = {
			isa = PBXGroup;
			children = (
				29788D732190D47700FDC98B /* Marvel */,
				29788D722190D42B00FDC98B /* Quiz */,
				29788D542190AEF800FDC98B /* AppDelegate.swift */,
				29788D582190AEF800FDC98B /* Main.storyboard */,
				29788D5B2190AEFA00FDC98B /* Assets.xcassets */,
				29788D5D2190AEFA00FDC98B /* LaunchScreen.storyboard */,
				29788D602190AEFA00FDC98B /* Info.plist */,
			);
			path = MarvelQuiz;
			sourceTree = "<group>";
		};
		29788D722190D42B00FDC98B /* Quiz */ = {
			isa = PBXGroup;
			children = (
				29788D702190CA2A00FDC98B /* ResultViewController.swift */,
				29788D6E2190C9F200FDC98B /* QuizViewController.swift */,
				29788D6C2190C9BC00FDC98B /* ViewController2.swift */,
				298E7A11219B3C5100CD1AC2 /* QuizManager.swift */,
				298E7A0F219B3C2000CD1AC2 /* Quiz.swift */,
			);
			path = Quiz;
			sourceTree = "<group>";
		};
		29788D732190D47700FDC98B /* Marvel */ = {
			isa = PBXGroup;
			children = (
				29788D742190D56400FDC98B /* MarvelClasses.swift */,
				29788D762190D57900FDC98B /* MarvelAPI.swift */,
				29788D562190AEF800FDC98B /* ViewController.swift */,
				29788D662190C80900FDC98B /* HeroViewController.swift */,
				29788D682190C86700FDC98B /* HeroTableViewCell.swift */,
				29788D6A2190C88E00FDC98B /* HeroesTableViewController.swift */,
			);
			path = Marvel;
			sourceTree = "<group>";
		};
		C05236C4CF77191554CD8AC1 /* Frameworks */ = {
			isa = PBXGroup;
			children = (
				88866D985F7C6363951A47F5 /* Pods_MarvelQuiz.framework */,
			);
			name = Frameworks;
			sourceTree = "<group>";
		};
/* End PBXGroup section */

/* Begin PBXNativeTarget section */
		29788D502190AEF700FDC98B /* MarvelQuiz */ = {
			isa = PBXNativeTarget;
			buildConfigurationList = 29788D632190AEFA00FDC98B /* Build configuration list for PBXNativeTarget "MarvelQuiz" */;
			buildPhases = (
				FC250BCE5823F78BEBB6AA97 /* [CP] Check Pods Manifest.lock */,
				29788D4D2190AEF700FDC98B /* Sources */,
				29788D4E2190AEF700FDC98B /* Frameworks */,
				29788D4F2190AEF700FDC98B /* Resources */,
				A7EC5AF19FFB0AF8D79249FE /* [CP] Embed Pods Frameworks */,
			);
			buildRules = (
			);
			dependencies = (
			);
			name = MarvelQuiz;
			productName = MarvelQuiz;
			productReference = 29788D512190AEF700FDC98B /* MarvelQuiz.app */;
			productType = "com.apple.product-type.application";
		};
/* End PBXNativeTarget section */

/* Begin PBXProject section */
		29788D492190AEF700FDC98B /* Project object */ = {
			isa = PBXProject;
			attributes = {
				LastSwiftUpdateCheck = 1010;
				LastUpgradeCheck = 1010;
				ORGANIZATIONNAME = "ZM FIGHTER SYSTEM";
				TargetAttributes = {
					29788D502190AEF700FDC98B = {
						CreatedOnToolsVersion = 10.1;
					};
				};
			};
			buildConfigurationList = 29788D4C2190AEF700FDC98B /* Build configuration list for PBXProject "MarvelQuiz" */;
			compatibilityVersion = "Xcode 9.3";
			developmentRegion = en;
			hasScannedForEncodings = 0;
			knownRegions = (
				en,
				Base,
			);
			mainGroup = 29788D482190AEF700FDC98B;
			productRefGroup = 29788D522190AEF700FDC98B /* Products */;
			projectDirPath = "";
			projectRoot = "";
			targets = (
				29788D502190AEF700FDC98B /* MarvelQuiz */,
			);
		};
/* End PBXProject section */

/* Begin PBXResourcesBuildPhase section */
		29788D4F2190AEF700FDC98B /* Resources */ = {
			isa = PBXResourcesBuildPhase;
			buildActionMask = 2147483647;
			files = (
				29788D5F2190AEFA00FDC98B /* LaunchScreen.storyboard in Resources */,
				29788D5C2190AEFA00FDC98B /* Assets.xcassets in Resources */,
				29788D5A2190AEF800FDC98B /* Main.storyboard in Resources */,
			);
			runOnlyForDeploymentPostprocessing = 0;
		};
/* End PBXResourcesBuildPhase section */

/* Begin PBXShellScriptBuildPhase section */
		A7EC5AF19FFB0AF8D79249FE /* [CP] Embed Pods Frameworks */ = {
			isa = PBXShellScriptBuildPhase;
			buildActionMask = 2147483647;
			files = (
			);
			inputFileListPaths = (
			);
			inputPaths = (
				"${SRCROOT}/Pods/Target Support Files/Pods-MarvelQuiz/Pods-MarvelQuiz-frameworks.sh",
				"${BUILT_PRODUCTS_DIR}/Alamofire/Alamofire.framework",
				"${BUILT_PRODUCTS_DIR}/Kingfisher/Kingfisher.framework",
				"${BUILT_PRODUCTS_DIR}/SwiftHash/SwiftHash.framework",
			);
			name = "[CP] Embed Pods Frameworks";
			outputFileListPaths = (
			);
			outputPaths = (
				"${TARGET_BUILD_DIR}/${FRAMEWORKS_FOLDER_PATH}/Alamofire.framework",
				"${TARGET_BUILD_DIR}/${FRAMEWORKS_FOLDER_PATH}/Kingfisher.framework",
				"${TARGET_BUILD_DIR}/${FRAMEWORKS_FOLDER_PATH}/SwiftHash.framework",
			);
			runOnlyForDeploymentPostprocessing = 0;
			shellPath = /bin/sh;
			shellScript = "\"${SRCROOT}/Pods/Target Support Files/Pods-MarvelQuiz/Pods-MarvelQuiz-frameworks.sh\"\n";
			showEnvVarsInLog = 0;
		};
		FC250BCE5823F78BEBB6AA97 /* [CP] Check Pods Manifest.lock */ = {
			isa = PBXShellScriptBuildPhase;
			buildActionMask = 2147483647;
			files = (
			);
			inputFileListPaths = (
			);
			inputPaths = (
				"${PODS_PODFILE_DIR_PATH}/Podfile.lock",
				"${PODS_ROOT}/Manifest.lock",
			);
			name = "[CP] Check Pods Manifest.lock";
			outputFileListPaths = (
			);
			outputPaths = (
				"$(DERIVED_FILE_DIR)/Pods-MarvelQuiz-checkManifestLockResult.txt",
			);
			runOnlyForDeploymentPostprocessing = 0;
			shellPath = /bin/sh;
			shellScript = "diff \"${PODS_PODFILE_DIR_PATH}/Podfile.lock\" \"${PODS_ROOT}/Manifest.lock\" > /dev/null\nif [ $? != 0 ] ; then\n    # print error to STDERR\n    echo \"error: The sandbox is not in sync with the Podfile.lock. Run 'pod install' or update your CocoaPods installation.\" >&2\n    exit 1\nfi\n# This output is used by Xcode 'outputs' to avoid re-running this script phase.\necho \"SUCCESS\" > \"${SCRIPT_OUTPUT_FILE_0}\"\n";
			showEnvVarsInLog = 0;
		};
/* End PBXShellScriptBuildPhase section */

/* Begin PBXSourcesBuildPhase section */
		29788D4D2190AEF700FDC98B /* Sources */ = {
			isa = PBXSourcesBuildPhase;
			buildActionMask = 2147483647;
			files = (
				29788D752190D56400FDC98B /* MarvelClasses.swift in Sources */,
				29788D572190AEF800FDC98B /* ViewController.swift in Sources */,
				29788D6F2190C9F200FDC98B /* QuizViewController.swift in Sources */,
				29788D672190C80900FDC98B /* HeroViewController.swift in Sources */,
				298E7A12219B3C5100CD1AC2 /* QuizManager.swift in Sources */,
				29788D712190CA2A00FDC98B /* ResultViewController.swift in Sources */,
				29788D772190D57900FDC98B /* MarvelAPI.swift in Sources */,
				29788D552190AEF800FDC98B /* AppDelegate.swift in Sources */,
				298E7A10219B3C2000CD1AC2 /* Quiz.swift in Sources */,
				29788D692190C86700FDC98B /* HeroTableViewCell.swift in Sources */,
				29788D6B2190C88E00FDC98B /* HeroesTableViewController.swift in Sources */,
				29788D6D2190C9BC00FDC98B /* ViewController2.swift in Sources */,
			);
			runOnlyForDeploymentPostprocessing = 0;
		};
/* End PBXSourcesBuildPhase section */

/* Begin PBXVariantGroup section */
		29788D582190AEF800FDC98B /* Main.storyboard */ = {
			isa = PBXVariantGroup;
			children = (
				29788D592190AEF800FDC98B /* Base */,
			);
			name = Main.storyboard;
			sourceTree = "<group>";
		};
		29788D5D2190AEFA00FDC98B /* LaunchScreen.storyboard */ = {
			isa = PBXVariantGroup;
			children = (
				29788D5E2190AEFA00FDC98B /* Base */,
			);
			name = LaunchScreen.storyboard;
			sourceTree = "<group>";
		};
/* End PBXVariantGroup section */

/* Begin XCBuildConfiguration section */
		29788D612190AEFA00FDC98B /* Debug */ = {
			isa = XCBuildConfiguration;
			buildSettings = {
				ALWAYS_SEARCH_USER_PATHS = NO;
				CLANG_ANALYZER_NONNULL = YES;
				CLANG_ANALYZER_NUMBER_OBJECT_CONVERSION = YES_AGGRESSIVE;
				CLANG_CXX_LANGUAGE_STANDARD = "gnu++14";
				CLANG_CXX_LIBRARY = "libc++";
				CLANG_ENABLE_MODULES = YES;
				CLANG_ENABLE_OBJC_ARC = YES;
				CLANG_ENABLE_OBJC_WEAK = YES;
				CLANG_WARN_BLOCK_CAPTURE_AUTORELEASING = YES;
				CLANG_WARN_BOOL_CONVERSION = YES;
				CLANG_WARN_COMMA = YES;
				CLANG_WARN_CONSTANT_CONVERSION = YES;
				CLANG_WARN_DEPRECATED_OBJC_IMPLEMENTATIONS = YES;
				CLANG_WARN_DIRECT_OBJC_ISA_USAGE = YES_ERROR;
				CLANG_WARN_DOCUMENTATION_COMMENTS = YES;
				CLANG_WARN_EMPTY_BODY = YES;
				CLANG_WARN_ENUM_CONVERSION = YES;
				CLANG_WARN_INFINITE_RECURSION = YES;
				CLANG_WARN_INT_CONVERSION = YES;
				CLANG_WARN_NON_LITERAL_NULL_CONVERSION = YES;
				CLANG_WARN_OBJC_IMPLICIT_RETAIN_SELF = YES;
				CLANG_WARN_OBJC_LITERAL_CONVERSION = YES;
				CLANG_WARN_OBJC_ROOT_CLASS = YES_ERROR;
				CLANG_WARN_RANGE_LOOP_ANALYSIS = YES;
				CLANG_WARN_STRICT_PROTOTYPES = YES;
				CLANG_WARN_SUSPICIOUS_MOVE = YES;
				CLANG_WARN_UNGUARDED_AVAILABILITY = YES_AGGRESSIVE;
				CLANG_WARN_UNREACHABLE_CODE = YES;
				CLANG_WARN__DUPLICATE_METHOD_MATCH = YES;
				CODE_SIGN_IDENTITY = "iPhone Developer";
				COPY_PHASE_STRIP = NO;
				DEBUG_INFORMATION_FORMAT = dwarf;
				ENABLE_STRICT_OBJC_MSGSEND = YES;
				ENABLE_TESTABILITY = YES;
				GCC_C_LANGUAGE_STANDARD = gnu11;
				GCC_DYNAMIC_NO_PIC = NO;
				GCC_NO_COMMON_BLOCKS = YES;
				GCC_OPTIMIZATION_LEVEL = 0;
				GCC_PREPROCESSOR_DEFINITIONS = (
					"DEBUG=1",
					"$(inherited)",
				);
				GCC_WARN_64_TO_32_BIT_CONVERSION = YES;
				GCC_WARN_ABOUT_RETURN_TYPE = YES_ERROR;
				GCC_WARN_UNDECLARED_SELECTOR = YES;
				GCC_WARN_UNINITIALIZED_AUTOS = YES_AGGRESSIVE;
				GCC_WARN_UNUSED_FUNCTION = YES;
				GCC_WARN_UNUSED_VARIABLE = YES;
				IPHONEOS_DEPLOYMENT_TARGET = 12.1;
				MTL_ENABLE_DEBUG_INFO = INCLUDE_SOURCE;
				MTL_FAST_MATH = YES;
				ONLY_ACTIVE_ARCH = YES;
				SDKROOT = iphoneos;
				SWIFT_ACTIVE_COMPILATION_CONDITIONS = DEBUG;
				SWIFT_OPTIMIZATION_LEVEL = "-Onone";
			};
			name = Debug;
		};
		29788D622190AEFA00FDC98B /* Release */ = {
			isa = XCBuildConfiguration;
			buildSettings = {
				ALWAYS_SEARCH_USER_PATHS = NO;
				CLANG_ANALYZER_NONNULL = YES;
				CLANG_ANALYZER_NUMBER_OBJECT_CONVERSION = YES_AGGRESSIVE;
				CLANG_CXX_LANGUAGE_STANDARD = "gnu++14";
				CLANG_CXX_LIBRARY = "libc++";
				CLANG_ENABLE_MODULES = YES;
				CLANG_ENABLE_OBJC_ARC = YES;
				CLANG_ENABLE_OBJC_WEAK = YES;
				CLANG_WARN_BLOCK_CAPTURE_AUTORELEASING = YES;
				CLANG_WARN_BOOL_CONVERSION = YES;
				CLANG_WARN_COMMA = YES;
				CLANG_WARN_CONSTANT_CONVERSION = YES;
				CLANG_WARN_DEPRECATED_OBJC_IMPLEMENTATIONS = YES;
				CLANG_WARN_DIRECT_OBJC_ISA_USAGE = YES_ERROR;
				CLANG_WARN_DOCUMENTATION_COMMENTS = YES;
				CLANG_WARN_EMPTY_BODY = YES;
				CLANG_WARN_ENUM_CONVERSION = YES;
				CLANG_WARN_INFINITE_RECURSION = YES;
				CLANG_WARN_INT_CONVERSION = YES;
				CLANG_WARN_NON_LITERAL_NULL_CONVERSION = YES;
				CLANG_WARN_OBJC_IMPLICIT_RETAIN_SELF = YES;
				CLANG_WARN_OBJC_LITERAL_CONVERSION = YES;
				CLANG_WARN_OBJC_ROOT_CLASS = YES_ERROR;
				CLANG_WARN_RANGE_LOOP_ANALYSIS = YES;
				CLANG_WARN_STRICT_PROTOTYPES = YES;
				CLANG_WARN_SUSPICIOUS_MOVE = YES;
				CLANG_WARN_UNGUARDED_AVAILABILITY = YES_AGGRESSIVE;
				CLANG_WARN_UNREACHABLE_CODE = YES;
				CLANG_WARN__DUPLICATE_METHOD_MATCH = YES;
				CODE_SIGN_IDENTITY = "iPhone Developer";
				COPY_PHASE_STRIP = NO;
				DEBUG_INFORMATION_FORMAT = "dwarf-with-dsym";
				ENABLE_NS_ASSERTIONS = NO;
				ENABLE_STRICT_OBJC_MSGSEND = YES;
				GCC_C_LANGUAGE_STANDARD = gnu11;
				GCC_NO_COMMON_BLOCKS = YES;
				GCC_WARN_64_TO_32_BIT_CONVERSION = YES;
				GCC_WARN_ABOUT_RETURN_TYPE = YES_ERROR;
				GCC_WARN_UNDECLARED_SELECTOR = YES;
				GCC_WARN_UNINITIALIZED_AUTOS = YES_AGGRESSIVE;
				GCC_WARN_UNUSED_FUNCTION = YES;
				GCC_WARN_UNUSED_VARIABLE = YES;
				IPHONEOS_DEPLOYMENT_TARGET = 12.1;
				MTL_ENABLE_DEBUG_INFO = NO;
				MTL_FAST_MATH = YES;
				SDKROOT = iphoneos;
				SWIFT_COMPILATION_MODE = wholemodule;
				SWIFT_OPTIMIZATION_LEVEL = "-O";
				VALIDATE_PRODUCT = YES;
			};
			name = Release;
		};
		29788D642190AEFA00FDC98B /* Debug */ = {
			isa = XCBuildConfiguration;
			baseConfigurationReference = 23E12F7420B9E0F965166749 /* Pods-MarvelQuiz.debug.xcconfig */;
			buildSettings = {
				ASSETCATALOG_COMPILER_APPICON_NAME = AppIcon;
				CODE_SIGN_STYLE = Automatic;
				DEVELOPMENT_TEAM = T82DAH755N;
				INFOPLIST_FILE = MarvelQuiz/Info.plist;
				IPHONEOS_DEPLOYMENT_TARGET = 11.1;
				LD_RUNPATH_SEARCH_PATHS = (
					"$(inherited)",
					"@executable_path/Frameworks",
				);
				PRODUCT_BUNDLE_IDENTIFIER = com.zmfighter.MarvelQuiz;
				PRODUCT_NAME = "$(TARGET_NAME)";
				SWIFT_VERSION = 4.2;
				TARGETED_DEVICE_FAMILY = 1;
			};
			name = Debug;
		};
		29788D652190AEFA00FDC98B /* Release */ = {
			isa = XCBuildConfiguration;
			baseConfigurationReference = 20247A5DA71D780493F9F277 /* Pods-MarvelQuiz.release.xcconfig */;
			buildSettings = {
				ASSETCATALOG_COMPILER_APPICON_NAME = AppIcon;
				CODE_SIGN_STYLE = Automatic;
				DEVELOPMENT_TEAM = T82DAH755N;
				INFOPLIST_FILE = MarvelQuiz/Info.plist;
				IPHONEOS_DEPLOYMENT_TARGET = 11.1;
				LD_RUNPATH_SEARCH_PATHS = (
					"$(inherited)",
					"@executable_path/Frameworks",
				);
				PRODUCT_BUNDLE_IDENTIFIER = com.zmfighter.MarvelQuiz;
				PRODUCT_NAME = "$(TARGET_NAME)";
				SWIFT_VERSION = 4.2;
				TARGETED_DEVICE_FAMILY = 1;
			};
			name = Release;
		};
/* End XCBuildConfiguration section */

/* Begin XCConfigurationList section */
		29788D4C2190AEF700FDC98B /* Build configuration list for PBXProject "MarvelQuiz" */ = {
			isa = XCConfigurationList;
			buildConfigurations = (
				29788D612190AEFA00FDC98B /* Debug */,
				29788D622190AEFA00FDC98B /* Release */,
			);
			defaultConfigurationIsVisible = 0;
			defaultConfigurationName = Release;
		};
		29788D632190AEFA00FDC98B /* Build configuration list for PBXNativeTarget "MarvelQuiz" */ = {
			isa = XCConfigurationList;
			buildConfigurations = (
				29788D642190AEFA00FDC98B /* Debug */,
				29788D652190AEFA00FDC98B /* Release */,
			);
			defaultConfigurationIsVisible = 0;
			defaultConfigurationName = Release;
		};
/* End XCConfigurationList section */
	};
	rootObject = 29788D492190AEF700FDC98B /* Project object */;
}
